
Microsoft Visual Studio Solution File, Format Version 12.00
# Visual Studio Version 16
VisualStudioVersion = 16.0.31624.102
MinimumVisualStudioVersion = 10.0.40219.1
Project("{FAE04EC0-301F-11D3-BF4B-00C04F79EFBC}") = "Linecomparison", "Linecomparison.csproj", "{AEA3E6F9-B583-46E2-A339-614902D3E82E}"
EndProject
Global
	GlobalSection(SolutionConfigurationPlatforms) = preSolution
		Debug|Any CPU = Debug|Any CPU
		Release|Any CPU = Release|Any CPU
	EndGlobalSection
	GlobalSection(ProjectConfigurationPlatforms) = postSolution
		{AEA3E6F9-B583-46E2-A339-614902D3E82E}.Debug|Any CPU.ActiveCfg = Debug|Any CPU
		{AEA3E6F9-B583-46E2-A339-614902D3E82E}.Debug|Any CPU.Build.0 = Debug|Any CPU
		{AEA3E6F9-B583-46E2-A339-614902D3E82E}.Release|Any CPU.ActiveCfg = Release|Any CPU
		{AEA3E6F9-B583-46E2-A339-614902D3E82E}.Release|Any CPU.Build.0 = Release|Any CPU
	EndGlobalSection
	GlobalSection(SolutionProperties) = preSolution
		HideSolutionNode = FALSE
	EndGlobalSection
	GlobalSection(ExtensibilityGlobals) = postSolution
		SolutionGuid = {884F4DEE-93ED-4FEE-B9D4-8211AC5F674D}
	EndGlobalSection
EndGlobal
